<?xml version="1.0" encoding="utf-8"?>
<Project ToolsVersion="4.0" xmlns="http://schemas.microsoft.com/developer/msbuild/2003">
  <ItemGroup>
    <Filter Include="Source Files">
      <UniqueIdentifier>{4FC737F1-C7A5-4376-A066-2A32D752A2FF}</UniqueIdentifier>
      <Extensions>cpp;c;cc;cxx;c++;cppm;ixx;def;odl;idl;hpj;bat;asm;asmx</Extensions>
    </Filter>
    <Filter Include="Header Files">
      <UniqueIdentifier>{93995380-89BD-4b04-88EB-625FBE52EBFB}</UniqueIdentifier>
      <Extensions>h;hh;hpp;hxx;h++;hm;inl;inc;ipp;xsd</Extensions>
    </Filter>
    <Filter Include="Resource Files">
      <UniqueIdentifier>{67DA6AB6-F800-4c08-8B7A-83BB121AAD01}</UniqueIdentifier>
      <Extensions>rc;ico;cur;bmp;dlg;rc2;rct;bin;rgs;gif;jpg;jpeg;jpe;resx;tiff;tif;png;wav;mfcribbon-ms</Extensions>
    </Filter>
    <Filter Include="Source Files\ArrayAndString">
      <UniqueIdentifier>{c41e422d-a2cd-437a-8cba-f77887c5fa32}</UniqueIdentifier>
    </Filter>
    <Filter Include="Source Files\QueueAndStack">
      <UniqueIdentifier>{6be89524-f856-40dd-8c55-bda17847d617}</UniqueIdentifier>
    </Filter>
    <Filter Include="Source Files\Heap">
      <UniqueIdentifier>{f11628dd-60fe-4d85-aa10-e5c785c7e003}</UniqueIdentifier>
    </Filter>
    <Filter Include="Source Files\Recursion-I">
      <UniqueIdentifier>{e006cd5a-84e3-405f-b5e4-44f738e1bfa1}</UniqueIdentifier>
    </Filter>
    <Filter Include="Source Files\Trie">
      <UniqueIdentifier>{35facc2b-b2cf-41c8-abc1-aab5040f51ea}</UniqueIdentifier>
    </Filter>
    <Filter Include="Source Files\BinaryTree">
      <UniqueIdentifier>{095bcdac-7dd5-4969-a782-7ae2376a7414}</UniqueIdentifier>
    </Filter>
    <Filter Include="Source Files\Sorting">
      <UniqueIdentifier>{7bcfe864-58fa-4072-8ad1-cce9973e7047}</UniqueIdentifier>
    </Filter>
    <Filter Include="Source Files\SegmentTree">
      <UniqueIdentifier>{791bc5ca-7e10-4b25-8390-ef210651fd67}</UniqueIdentifier>
    </Filter>
    <Filter Include="Source Files\BinarySearchTree">
      <UniqueIdentifier>{a9296596-fb3c-4439-90fe-fac97212a9e2}</UniqueIdentifier>
    </Filter>
    <Filter Include="Source Files\Backtracking">
      <UniqueIdentifier>{664e9f8d-c951-42ed-ae4f-1785a1b29723}</UniqueIdentifier>
    </Filter>
    <Filter Include="Source Files\RecursionII">
      <UniqueIdentifier>{f58a7cf0-c478-4e58-84dc-31f0f1a23d77}</UniqueIdentifier>
    </Filter>
    <Filter Include="Source Files\Hashtable">
      <UniqueIdentifier>{57262863-99f2-4cb6-800b-a82edc66b067}</UniqueIdentifier>
    </Filter>
    <Filter Include="Source Files\Graph">
      <UniqueIdentifier>{23480245-d393-4e5f-aa99-fadb4217bd75}</UniqueIdentifier>
    </Filter>
    <Filter Include="Source Files\LinkedList">
      <UniqueIdentifier>{858032e4-adcf-42df-b64d-a986357e9c1a}</UniqueIdentifier>
    </Filter>
    <Filter Include="Source Files\Mixed-Intervie-Problems">
      <UniqueIdentifier>{c119a558-74b1-4f21-9fa3-ebc39f0b23f9}</UniqueIdentifier>
    </Filter>
    <Filter Include="Source Files\Dynamic_Programming">
      <UniqueIdentifier>{9b03ff7e-1264-4a55-a60b-2c6bef041a20}</UniqueIdentifier>
    </Filter>
    <Filter Include="Source Files\Recursion-Practice-001">
      <UniqueIdentifier>{7ab4dc19-2142-4e6c-9697-dffea2268f8f}</UniqueIdentifier>
    </Filter>
    <Filter Include="Source Files\Greedy">
      <UniqueIdentifier>{232d5891-af76-4ba7-ac23-2ee41e3bbce2}</UniqueIdentifier>
    </Filter>
  </ItemGroup>
  <ItemGroup>
    <ClCompile Include="Source.cpp">
      <Filter>Source Files</Filter>
    </ClCompile>
    <ClCompile Include="WordAbbreviation.cpp">
      <Filter>Source Files</Filter>
    </ClCompile>
    <ClCompile Include="Split_Array_Largest_Sum.cpp">
      <Filter>Source Files</Filter>
    </ClCompile>
    <ClCompile Include="Richest_Customer.cpp">
      <Filter>Source Files</Filter>
    </ClCompile>
    <ClCompile Include="412_FizzBuzz.cpp">
      <Filter>Source Files</Filter>
    </ClCompile>
    <ClCompile Include="Ransom_Note.cpp">
      <Filter>Source Files</Filter>
    </ClCompile>
    <ClCompile Include="PlusOne.cpp">
      <Filter>Source Files\ArrayAndString</Filter>
    </ClCompile>
    <ClCompile Include="DiagonalTraverse.cpp">
      <Filter>Source Files\ArrayAndString</Filter>
    </ClCompile>
    <ClCompile Include="SpiralMatrix.cpp">
      <Filter>Source Files\ArrayAndString</Filter>
    </ClCompile>
    <ClCompile Include="PascalTriangle.cpp">
      <Filter>Source Files\ArrayAndString</Filter>
    </ClCompile>
    <ClCompile Include="AddBinary.cpp">
      <Filter>Source Files\ArrayAndString</Filter>
    </ClCompile>
    <ClCompile Include="StrStr.cpp">
      <Filter>Source Files\ArrayAndString</Filter>
    </ClCompile>
    <ClCompile Include="LongestCommonPrefixString.cpp">
      <Filter>Source Files\ArrayAndString</Filter>
    </ClCompile>
    <ClCompile Include="RemoveElement.cpp">
      <Filter>Source Files\ArrayAndString</Filter>
    </ClCompile>
    <ClCompile Include="MaxConsecutiveOnes.cpp">
      <Filter>Source Files\ArrayAndString</Filter>
    </ClCompile>
    <ClCompile Include="MinimumSizeSubarraySum.cpp">
      <Filter>Source Files\ArrayAndString</Filter>
    </ClCompile>
    <ClCompile Include="RotateArray.cpp">
      <Filter>Source Files</Filter>
    </ClCompile>
    <ClCompile Include="PascalTriangleII.cpp">
      <Filter>Source Files\ArrayAndString</Filter>
    </ClCompile>
    <ClCompile Include="ReverseWordInString.cpp">
      <Filter>Source Files\ArrayAndString</Filter>
    </ClCompile>
    <ClCompile Include="ReverseWordsInStringIII.cpp">
      <Filter>Source Files\ArrayAndString</Filter>
    </ClCompile>
    <ClCompile Include="RemoveDuplicateFromSortedIntArray.cpp">
      <Filter>Source Files\ArrayAndString</Filter>
    </ClCompile>
    <ClCompile Include="DesignCircularQueue.cpp">
      <Filter>Source Files\QueueAndStack</Filter>
    </ClCompile>
    <ClCompile Include="CircularQueueImpleII.cpp">
      <Filter>Source Files\QueueAndStack</Filter>
    </ClCompile>
    <ClCompile Include="MovingAvg.cpp">
      <Filter>Source Files\QueueAndStack</Filter>
    </ClCompile>
    <ClCompile Include="WallsAndGates.cpp">
      <Filter>Source Files\QueueAndStack</Filter>
    </ClCompile>
    <ClCompile Include="NumberofIslands.cpp">
      <Filter>Source Files\QueueAndStack</Filter>
    </ClCompile>
    <ClCompile Include="OpenTheLock.cpp">
      <Filter>Source Files\QueueAndStack</Filter>
    </ClCompile>
    <ClCompile Include="PerfectSquares.cpp">
      <Filter>Source Files\QueueAndStack</Filter>
    </ClCompile>
    <ClCompile Include="MinStack.cpp">
      <Filter>Source Files\QueueAndStack</Filter>
    </ClCompile>
    <ClCompile Include="ValidParenthesis.cpp">
      <Filter>Source Files\QueueAndStack</Filter>
    </ClCompile>
    <ClCompile Include="DailyTemperatures.cpp">
      <Filter>Source Files\QueueAndStack</Filter>
    </ClCompile>
    <ClCompile Include="ReversePolishNotation.cpp">
      <Filter>Source Files\QueueAndStack</Filter>
    </ClCompile>
    <ClCompile Include="NumberOfIslandUsingDFS.cpp">
      <Filter>Source Files\QueueAndStack</Filter>
    </ClCompile>
    <ClCompile Include="CloneGraph.cpp">
      <Filter>Source Files\QueueAndStack</Filter>
    </ClCompile>
    <ClCompile Include="CloneGrapgUsingBFS.cpp">
      <Filter>Source Files\QueueAndStack</Filter>
    </ClCompile>
    <ClCompile Include="TargetSum.cpp">
      <Filter>Source Files\QueueAndStack</Filter>
    </ClCompile>
    <ClCompile Include="DFSTemplateII.cpp">
      <Filter>Source Files\QueueAndStack</Filter>
    </ClCompile>
    <ClCompile Include="BinaryTreeInorderTraversal.cpp">
      <Filter>Source Files\QueueAndStack</Filter>
    </ClCompile>
    <ClCompile Include="ImplementQueueUsingStack.cpp">
      <Filter>Source Files\QueueAndStack</Filter>
    </ClCompile>
    <ClCompile Include="ImplementStackusingQueues.cpp">
      <Filter>Source Files\QueueAndStack</Filter>
    </ClCompile>
    <ClCompile Include="DecodeString.cpp">
      <Filter>Source Files\QueueAndStack</Filter>
    </ClCompile>
    <ClCompile Include="FloodFill.cpp">
      <Filter>Source Files\QueueAndStack</Filter>
    </ClCompile>
    <ClCompile Include="01Matrix.cpp">
      <Filter>Source Files\QueueAndStack</Filter>
    </ClCompile>
    <ClCompile Include="KeysAndRooms.cpp">
      <Filter>Source Files\QueueAndStack</Filter>
    </ClCompile>
    <ClCompile Include="HeapFundamentals.cpp">
      <Filter>Source Files\Heap</Filter>
    </ClCompile>
    <ClCompile Include="TopKLargestElements.cpp">
      <Filter>Source Files\Heap</Filter>
    </ClCompile>
    <ClCompile Include="FindKThLargestElem.cpp">
      <Filter>Source Files\Heap</Filter>
    </ClCompile>
    <ClCompile Include="KthLargestElemInStream.cpp">
      <Filter>Source Files\Heap</Filter>
    </ClCompile>
    <ClCompile Include="LastStoneWeight.cpp">
      <Filter>Source Files\Heap</Filter>
    </ClCompile>
    <ClCompile Include="TheKWeakestRowsInaMatrix.cpp">
      <Filter>Source Files\Heap</Filter>
    </ClCompile>
    <ClCompile Include="KthSmallestElement.cpp">
      <Filter>Source Files\Heap</Filter>
    </ClCompile>
    <ClCompile Include="MeetingRoomII.cpp">
      <Filter>Source Files\Heap</Filter>
    </ClCompile>
    <ClCompile Include="KClosestPoint2Origin.cpp">
      <Filter>Source Files\Heap</Filter>
    </ClCompile>
    <ClCompile Include="MinimumCosttoConnectStick.cpp">
      <Filter>Source Files</Filter>
    </ClCompile>
    <ClCompile Include="PrincipalOfRecursion.cpp">
      <Filter>Source Files\Recursion-I</Filter>
    </ClCompile>
    <ClCompile Include="1642_Leetcode.cpp">
      <Filter>Source Files\Heap</Filter>
    </ClCompile>
    <ClCompile Include="FindMedianFromDataStream.cpp">
      <Filter>Source Files\Heap</Filter>
    </ClCompile>
    <ClCompile Include="24_Leetcode.cpp">
      <Filter>Source Files\Recursion-I</Filter>
    </ClCompile>
    <ClCompile Include="206_Leetcode.cpp">
      <Filter>Source Files\Recursion-I</Filter>
    </ClCompile>
    <ClCompile Include="700_Leetcode.cpp">
      <Filter>Source Files\Recursion-I</Filter>
    </ClCompile>
    <ClCompile Include="Fundamental.cpp">
      <Filter>Source Files\Recursion-I</Filter>
    </ClCompile>
    <ClCompile Include="104_Leetcode.cpp">
      <Filter>Source Files\Recursion-I</Filter>
    </ClCompile>
    <ClCompile Include="50_Medium_Leetcode.cpp">
      <Filter>Source Files\Recursion-I</Filter>
    </ClCompile>
    <ClCompile Include="21_Easy_Leetcode.cpp">
      <Filter>Source Files\Recursion-I</Filter>
    </ClCompile>
    <ClCompile Include="208_Medium_Leetcode.cpp">
      <Filter>Source Files\Trie</Filter>
    </ClCompile>
    <ClCompile Include="677_Medium_Leetcode.cpp">
      <Filter>Source Files\Trie</Filter>
    </ClCompile>
    <ClCompile Include="677_Medium_Approach02.cpp">
      <Filter>Source Files\Trie</Filter>
    </ClCompile>
    <ClCompile Include="648_Medium_Leetcode.cpp">
      <Filter>Source Files\Trie</Filter>
    </ClCompile>
    <ClCompile Include="642_Hard_Leetcode.cpp">
      <Filter>Source Files\Trie</Filter>
    </ClCompile>
    <ClCompile Include="106_Medium_Leetcode.cpp">
      <Filter>Source Files\BinaryTree</Filter>
    </ClCompile>
    <ClCompile Include="106_Medium_ApproachII.cpp">
      <Filter>Source Files\BinaryTree</Filter>
    </ClCompile>
    <ClCompile Include="105_Medium_Leetcode.cpp">
      <Filter>Source Files\BinaryTree</Filter>
    </ClCompile>
    <ClCompile Include="116_Medium_Leetcode.cpp">
      <Filter>Source Files\BinaryTree</Filter>
    </ClCompile>
    <ClCompile Include="N_236_Medium_Leetcode.cpp">
      <Filter>Source Files\BinaryTree</Filter>
    </ClCompile>
    <ClCompile Include="MergeSort_TopDown.cpp">
      <Filter>Source Files\Sorting</Filter>
    </ClCompile>
    <ClCompile Include="MergeSort_BottomUp.cpp">
      <Filter>Source Files\Sorting</Filter>
    </ClCompile>
    <ClCompile Include="98_Medium_Leetcode.cpp">
      <Filter>Source Files\BinarySearchTree</Filter>
    </ClCompile>
    <ClCompile Include="98_Medium_Leetcode_Approach02.cpp">
      <Filter>Source Files\BinarySearchTree</Filter>
    </ClCompile>
    <ClCompile Include="240_Medium_Leetcode.cpp">
      <Filter>Source Files\Sorting</Filter>
    </ClCompile>
    <ClCompile Include="QuickSort.cpp">
      <Filter>Source Files\Sorting</Filter>
    </ClCompile>
    <ClCompile Include="52_Hard_Leetcode.cpp">
      <Filter>Source Files\Backtracking</Filter>
    </ClCompile>
    <ClCompile Include="489_Hard_Leetcode.cpp">
      <Filter>Source Files\Backtracking</Filter>
    </ClCompile>
    <ClCompile Include="211_Medium_Leetcode.cpp">
      <Filter>Source Files\Trie</Filter>
    </ClCompile>
    <ClCompile Include="37_Hard_SudokuPuzzle.cpp">
      <Filter>Source Files\RecursionII</Filter>
    </ClCompile>
    <ClCompile Include="77_Medium_Combinations.cpp">
      <Filter>Source Files\RecursionII</Filter>
    </ClCompile>
    <ClCompile Include="BinaryTreeSame.cpp">
      <Filter>Source Files\RecursionII</Filter>
    </ClCompile>
    <ClCompile Include="22_Medium_GenerateParenthesis.cpp">
      <Filter>Source Files\RecursionII</Filter>
    </ClCompile>
    <ClCompile Include="51_Hard_NQueensProblem.cpp">
      <Filter>Source Files\RecursionII</Filter>
    </ClCompile>
    <ClCompile Include="426_Medium_ConvertBinarySearchTree.cpp">
      <Filter>Source Files\RecursionII</Filter>
    </ClCompile>
    <ClCompile Include="127_Hard_Leetcode.cpp">
      <Filter>Source Files\Hashtable</Filter>
    </ClCompile>
    <ClCompile Include="1971_Easy_FindIfPathExistInGraph.cpp">
      <Filter>Source Files\Graph</Filter>
    </ClCompile>
    <ClCompile Include="25_Hard_ReverseNodesInKGroup.cpp">
      <Filter>Source Files\LinkedList</Filter>
    </ClCompile>
    <ClCompile Include="421_Medium_MaximumXORofTwoNumbersinanArray.cpp">
      <Filter>Source Files\Trie</Filter>
    </ClCompile>
    <ClCompile Include="886_Medium_Bipartition.cpp">
      <Filter>Source Files\Graph</Filter>
    </ClCompile>
    <ClCompile Include="[Approach02]886_Medium_Leetcode.cpp">
      <Filter>Source Files\Graph</Filter>
    </ClCompile>
    <ClCompile Include="UnionFind_DS_Implementation.cpp">
      <Filter>Source Files\Graph</Filter>
    </ClCompile>
    <ClCompile Include="[N]95_Medium_UniqueBinarySearchTreeII.cpp">
      <Filter>Source Files\BinarySearchTree</Filter>
    </ClCompile>
    <ClCompile Include="1756_Medium_DesignMRUQueue.cpp">
      <Filter>Source Files\Mixed-Intervie-Problems</Filter>
    </ClCompile>
    <ClCompile Include="1756_Medium_Approach02.cpp">
      <Filter>Source Files\Mixed-Intervie-Problems</Filter>
    </ClCompile>
    <ClCompile Include="790_Medium_Approach01.cpp">
      <Filter>Source Files\Dynamic_Programming</Filter>
    </ClCompile>
    <ClCompile Include="496_Easy_NextGreaterElement.cpp">
      <Filter>Source Files\ArrayAndString</Filter>
    </ClCompile>
    <ClCompile Include="503_Medium_NextGreaterElementII.cpp">
      <Filter>Source Files\ArrayAndString</Filter>
    </ClCompile>
    <ClCompile Include="556_Medium_NextGreaterElementIII.cpp">
      <Filter>Source Files\ArrayAndString</Filter>
    </ClCompile>
    <ClCompile Include="1019_Medium_NextGreaterNode.cpp">
      <Filter>Source Files\ArrayAndString</Filter>
    </ClCompile>
    <ClCompile Include="1071_Easy_GCDofString.cpp">
      <Filter>Source Files\ArrayAndString</Filter>
    </ClCompile>
    <ClCompile Include="1834_Medium_SingleThreadedCPU.cpp">
      <Filter>Source Files\Heap</Filter>
    </ClCompile>
    <ClCompile Include="111_Easy_MinDepth.cpp">
      <Filter>Source Files\BinaryTree</Filter>
    </ClCompile>
    <ClCompile Include="N_18_Medium_04Sum.cpp">
      <Filter>Source Files\ArrayAndString</Filter>
    </ClCompile>
    <ClCompile Include="110_Easy_BalancedBinaryTree.cpp">
      <Filter>Source Files\BinaryTree</Filter>
    </ClCompile>
    <ClCompile Include="125_Easy_ValidPalindrome.cpp">
      <Filter>Source Files\ArrayAndString</Filter>
    </ClCompile>
    <ClCompile Include="680_Easy_PalindromeII.cpp">
      <Filter>Source Files\ArrayAndString</Filter>
    </ClCompile>
    <ClCompile Include="560_Medium_SubarraySumEqualK.cpp">
      <Filter>Source Files\ArrayAndString</Filter>
    </ClCompile>
    <ClCompile Include="290_Easy_WordPattern.cpp">
      <Filter>Source Files\ArrayAndString</Filter>
    </ClCompile>
    <ClCompile Include="520_Easy_DetectCapital.cpp">
      <Filter>Source Files\ArrayAndString</Filter>
    </ClCompile>
    <ClCompile Include="N_212_Hard_WordSearchII.cpp">
      <Filter>Source Files\Trie</Filter>
    </ClCompile>
    <ClCompile Include="35_Easy_SearchInsertPosition.cpp">
      <Filter>Source Files\ArrayAndString</Filter>
    </ClCompile>
    <ClCompile Include="2244_Medium_Minimum Rounds to Complete All Tasks.cpp">
      <Filter>Source Files\ArrayAndString</Filter>
    </ClCompile>
    <ClCompile Include="198_Medium_HouseRobber.cpp">
      <Filter>Source Files\Dynamic_Programming</Filter>
    </ClCompile>
    <ClCompile Include="746_Easy_MinCostClimbingStair.cpp">
      <Filter>Source Files\Dynamic_Programming</Filter>
    </ClCompile>
    <ClCompile Include="740_Medium_DeleteAndEarn.cpp">
      <Filter>Source Files\Dynamic_Programming</Filter>
    </ClCompile>
    <ClCompile Include="2433.cpp">
      <Filter>Source Files\ArrayAndString</Filter>
    </ClCompile>
    <ClCompile Include="1265_Medium_LinkListInReverse.cpp">
      <Filter>Source Files\LinkedList</Filter>
    </ClCompile>
    <ClCompile Include="2181_Medium_MergeNodes.cpp">
      <Filter>Source Files\LinkedList</Filter>
    </ClCompile>
    <ClCompile Include="2130_Medium_MaximumTwinSum.cpp">
      <Filter>Source Files\LinkedList</Filter>
    </ClCompile>
    <ClCompile Include="237_Medium_DeleteNode.cpp">
      <Filter>Source Files\LinkedList</Filter>
    </ClCompile>
    <ClCompile Include="2487_Medium_RemoveNode.cpp">
      <Filter>Source Files\LinkedList</Filter>
    </ClCompile>
    <ClCompile Include="1836_Medium_RemoveDuplicate.cpp">
      <Filter>Source Files\LinkedList</Filter>
    </ClCompile>
    <ClCompile Include="1721_Medium_SwappingNode.cpp">
      <Filter>Source Files\LinkedList</Filter>
    </ClCompile>
    <ClCompile Include="2046_medium_SortLinkedList.cpp">
      <Filter>Source Files\LinkedList</Filter>
    </ClCompile>
    <ClCompile Include="1474_Easy_DeleteNNodes.cpp">
      <Filter>Source Files\LinkedList</Filter>
    </ClCompile>
    <ClCompile Include="1669_Medium_MergeInLinklist.cpp">
      <Filter>Source Files\LinkedList</Filter>
    </ClCompile>
    <ClCompile Include="FlattenBTToLL.cpp">
      <Filter>Source Files\LinkedList</Filter>
    </ClCompile>
    <ClCompile Include="2326_Medium_SpiralMatrixIV.cpp">
      <Filter>Source Files\LinkedList</Filter>
    </ClCompile>
    <ClCompile Include="ArrayReverse.cpp">
      <Filter>Source Files\Recursion-Practice-001</Filter>
    </ClCompile>
    <ClCompile Include="PowerSet.cpp">
      <Filter>Source Files\Recursion-Practice-001</Filter>
    </ClCompile>
    <ClCompile Include="Permutation.cpp">
      <Filter>Source Files\Recursion-Practice-001</Filter>
    </ClCompile>
    <ClCompile Include="PermutationII.cpp">
      <Filter>Source Files\Recursion-Practice-001</Filter>
    </ClCompile>
    <ClCompile Include="SubsetII.cpp">
      <Filter>Source Files\Recursion-Practice-001</Filter>
    </ClCompile>
    <ClCompile Include="Combination.cpp">
      <Filter>Source Files\Recursion-Practice-001</Filter>
    </ClCompile>
    <ClCompile Include="CombinationSum.cpp">
      <Filter>Source Files\Recursion-Practice-001</Filter>
    </ClCompile>
    <ClCompile Include="CombinationII.cpp">
      <Filter>Source Files\Recursion-Practice-001</Filter>
    </ClCompile>
    <ClCompile Include="CombinationSumIII.cpp">
      <Filter>Source Files\Recursion-Practice-001</Filter>
    </ClCompile>
    <ClCompile Include="LetterCombination.cpp">
      <Filter>Source Files\Recursion-Practice-001</Filter>
    </ClCompile>
    <ClCompile Include="369_Medium_PlusOneLL.cpp">
      <Filter>Source Files\LinkedList</Filter>
    </ClCompile>
    <ClCompile Include="1206_Hard_DesignSkiplist.cpp">
      <Filter>Source Files\LinkedList</Filter>
    </ClCompile>
    <ClCompile Include="CombinationSumII.cpp">
      <Filter>Source Files\Recursion-Practice-001</Filter>
    </ClCompile>
    <ClCompile Include="2095_Medium_DeleteMiddleNode.cpp">
      <Filter>Source Files\LinkedList</Filter>
    </ClCompile>
    <ClCompile Include="445_Medium_AddTwoNumbersII.cpp">
      <Filter>Source Files\LinkedList</Filter>
    </ClCompile>
    <ClCompile Include="817_Medium_LLComponents.cpp">
      <Filter>Source Files\LinkedList</Filter>
    </ClCompile>
    <ClCompile Include="109_Medium_ConvertSortedLL2BST.cpp">
      <Filter>Source Files\LinkedList</Filter>
    </ClCompile>
    <ClCompile Include="641_Medium_DesignCircularDeque.cpp">
      <Filter>Source Files\LinkedList</Filter>
    </ClCompile>
    <ClCompile Include="1670_Medium_DesignFrontMiddleBackQueue.cpp">
      <Filter>Source Files\LinkedList</Filter>
    </ClCompile>
    <ClCompile Include="725_Medium_SplitLinkedList.cpp">
      <Filter>Source Files\LinkedList</Filter>
    </ClCompile>
    <ClCompile Include="2058_Medium_MinimumAndMaximumNodes.cpp">
      <Filter>Source Files\LinkedList</Filter>
    </ClCompile>
    <ClCompile Include="148_Medium_SortList.cpp">
      <Filter>Source Files\LinkedList</Filter>
    </ClCompile>
    <ClCompile Include="1634_Medium_TwoPolynomial.cpp">
      <Filter>Source Files\LinkedList</Filter>
    </ClCompile>
    <ClCompile Include="379_DesignPhoneDirectory.cpp">
      <Filter>Source Files\LinkedList</Filter>
    </ClCompile>
    <ClCompile Include="716_Hard_MaxStack.cpp">
      <Filter>Source Files\LinkedList</Filter>
    </ClCompile>
    <ClCompile Include="460_Hard_LFUCache.cpp">
      <Filter>Source Files\LinkedList</Filter>
    </ClCompile>
    <ClCompile Include="N_2296_Hard_TexEditor.cpp">
      <Filter>Source Files\LinkedList</Filter>
    </ClCompile>
    <ClCompile Include="PartitionToKEqualSum.cpp">
      <Filter>Source Files\Recursion-Practice-001</Filter>
    </ClCompile>
    <ClCompile Include="UniqueStringConcat.cpp">
      <Filter>Source Files\Recursion-Practice-001</Filter>
    </ClCompile>
    <ClCompile Include="FloodFill02.cpp">
      <Filter>Source Files\Recursion-Practice-001</Filter>
    </ClCompile>
    <ClCompile Include="79_Medium_WordSearch.cpp">
      <Filter>Source Files\RecursionII</Filter>
    </ClCompile>
    <ClCompile Include="RatInaMaze.cpp">
      <Filter>Source Files\Recursion-Practice-001</Filter>
    </ClCompile>
    <ClCompile Include="NQueenProblem.cpp">
      <Filter>Source Files\Recursion-Practice-001</Filter>
    </ClCompile>
    <ClCompile Include="944_Easy.cpp">
      <Filter>Source Files\ArrayAndString</Filter>
    </ClCompile>
    <ClCompile Include="N_1443_Medium_MinTime.cpp">
      <Filter>Source Files\Graph</Filter>
    </ClCompile>
    <ClCompile Include="G16.cpp">
      <Filter>Source Files\Graph</Filter>
    </ClCompile>
    <ClCompile Include="323_Medium_NumberOfConnectedComponent.cpp">
      <Filter>Source Files\Graph</Filter>
    </ClCompile>
    <ClCompile Include="BipertiteGraph_bfs.cpp">
      <Filter>Source Files\Graph</Filter>
    </ClCompile>
    <ClCompile Include="DFS_785_Medium_IsGraphBipertite.cpp">
      <Filter>Source Files\Graph</Filter>
    </ClCompile>
    <ClCompile Include="G19.cpp">
      <Filter>Source Files\Graph</Filter>
    </ClCompile>
    <ClCompile Include="TopologicalSort.cpp">
      <Filter>Source Files\Graph</Filter>
    </ClCompile>
    <ClCompile Include="TopologicalSortII.cpp">
      <Filter>Source Files\Graph</Filter>
    </ClCompile>
    <ClCompile Include="CycleDetectionUsingBFS_DAG.cpp">
      <Filter>Source Files\Graph</Filter>
    </ClCompile>
    <ClCompile Include="Shortestpath_unweighted_graph.cpp">
      <Filter>Source Files\Graph</Filter>
    </ClCompile>
    <ClCompile Include="ShortestPathInDAGWeighted.cpp">
      <Filter>Source Files\Graph</Filter>
    </ClCompile>
    <ClCompile Include="1165. Single-Row Keyboard.cpp">
      <Filter>Source Files\ArrayAndString</Filter>
    </ClCompile>
    <ClCompile Include="1874. Minimize Product Sum of Two Arrays.cpp">
      <Filter>Source Files\ArrayAndString</Filter>
    </ClCompile>
    <ClCompile Include="432. All O`one Data Structure.cpp">
      <Filter>Source Files</Filter>
    </ClCompile>
    <ClCompile Include="N_269_Hard_AlienDictionary.cpp">
      <Filter>Source Files</Filter>
    </ClCompile>
    <ClCompile Include="654_Medium_MaximumBinaryTree.cpp">
      <Filter>Source Files\BinaryTree</Filter>
    </ClCompile>
    <ClCompile Include="1464_Easy_MaximumProduct.cpp">
      <Filter>Source Files\ArrayAndString</Filter>
    </ClCompile>
    <ClCompile Include="515_Medium_LargestValueInEachRow.cpp">
      <Filter>Source Files\BinaryTree</Filter>
    </ClCompile>
    <ClCompile Include="241_Medium_DifferentWays2AddParenthesis.cpp">
      <Filter>Source Files</Filter>
    </ClCompile>
    <ClCompile Include="653_Easy_Two Sum IV - Input is a BST.cpp">
      <Filter>Source Files\BinarySearchTree</Filter>
    </ClCompile>
    <ClCompile Include="236_Medium_LCA.cpp">
      <Filter>Source Files\BinaryTree</Filter>
    </ClCompile>
    <ClCompile Include="LevelOrderTraversal.cpp">
      <Filter>Source Files\BinaryTree</Filter>
    </ClCompile>
    <ClCompile Include="TreeTraversal.cpp">
      <Filter>Source Files\BinaryTree</Filter>
    </ClCompile>
    <ClCompile Include="543_Easy_DiameterOfBT.cpp">
      <Filter>Source Files\BinaryTree</Filter>
    </ClCompile>
    <ClCompile Include="103_Medium_ZigZagLevelPrinting.cpp">
      <Filter>Source Files\BinaryTree</Filter>
    </ClCompile>
    <ClCompile Include="1698_Medium_DistinctSubString.cpp">
      <Filter>Source Files\Trie</Filter>
    </ClCompile>
    <ClCompile Include="TrieImpl.cpp">
      <Filter>Source Files\Trie</Filter>
    </ClCompile>
    <ClCompile Include="TrieImplII.cpp">
      <Filter>Source Files\Trie</Filter>
    </ClCompile>
    <ClCompile Include="Complete String.cpp">
      <Filter>Source Files\Trie</Filter>
    </ClCompile>
    <ClCompile Include="CountDistinctSubstring.cpp">
      <Filter>Source Files\Trie</Filter>
    </ClCompile>
    <ClCompile Include="MaximumXOR.cpp">
      <Filter>Source Files\Trie</Filter>
    </ClCompile>
    <ClCompile Include="MaximumXORWithAnElementFromArray.cpp">
      <Filter>Source Files\Trie</Filter>
    </ClCompile>
    <ClCompile Include="541_Easy_ReverseStringII.cpp">
      <Filter>Source Files\ArrayAndString</Filter>
    </ClCompile>
    <ClCompile Include="1967_Easy_NOSTASW.cpp">
      <Filter>Source Files\Trie</Filter>
    </ClCompile>
    <ClCompile Include="124_Hard_BTMPS.cpp">
      <Filter>Source Files\BinaryTree</Filter>
    </ClCompile>
    <ClCompile Include="100_Easy_SameTree.cpp">
      <Filter>Source Files\BinarySearchTree</Filter>
    </ClCompile>
    <ClCompile Include="545_Medium_BoundryTraversal.cpp">
      <Filter>Source Files\BinaryTree</Filter>
    </ClCompile>
    <ClCompile Include="987_Hard_VerticalOrder.cpp">
      <Filter>Source Files\BinaryTree</Filter>
    </ClCompile>
    <ClCompile Include="BinaryTreeTopView.cpp">
      <Filter>Source Files\BinaryTree</Filter>
    </ClCompile>
    <ClCompile Include="BinaryTreeBottomView.cpp">
      <Filter>Source Files\BinaryTree</Filter>
    </ClCompile>
    <ClCompile Include="199_Medium_BinaryTreeRightSideView.cpp">
      <Filter>Source Files\BinaryTree</Filter>
    </ClCompile>
    <ClCompile Include="102_Medium_BinaryTreeLevelOrder.cpp">
      <Filter>Source Files\BinaryTree</Filter>
    </ClCompile>
    <ClCompile Include="101_Medium_SymmetricTree.cpp">
      <Filter>Source Files\BinaryTree</Filter>
    </ClCompile>
    <ClCompile Include="662_Medium_MaximumWidth.cpp">
      <Filter>Source Files\BinaryTree</Filter>
    </ClCompile>
    <ClCompile Include="ChildrenSumProperty.cpp">
      <Filter>Source Files\BinaryTree</Filter>
    </ClCompile>
    <ClCompile Include="863_Medium_AllNodesDistKInBT.cpp">
      <Filter>Source Files\BinaryTree</Filter>
    </ClCompile>
    <ClCompile Include="TimeToBurnTree.cpp">
      <Filter>Source Files\BinaryTree</Filter>
    </ClCompile>
    <ClCompile Include="222_Medium_CountCompleteTreeNodes.cpp">
      <Filter>Source Files\BinaryTree</Filter>
    </ClCompile>
    <ClCompile Include="297_Hard_SerializeAndDeserialize.cpp">
      <Filter>Source Files\BinaryTree</Filter>
    </ClCompile>
    <ClCompile Include="230_Medium_KthSmallestElementInBST.cpp">
      <Filter>Source Files\BinaryTree</Filter>
    </ClCompile>
    <ClCompile Include="98_Medium_ValidateBinarySearchTree.cpp">
      <Filter>Source Files\BinaryTree</Filter>
    </ClCompile>
    <ClCompile Include="235_Medium_LCA_BST.cpp">
      <Filter>Source Files\BinaryTree</Filter>
    </ClCompile>
    <ClCompile Include="1008_Medium_ConstructBinarySearchTreeFromPreOrder.cpp">
      <Filter>Source Files\BinaryTree</Filter>
    </ClCompile>
    <ClCompile Include="285_Medium_InorderSuccessorInBST.cpp">
      <Filter>Source Files\BinaryTree</Filter>
    </ClCompile>
    <ClCompile Include="173_Medium_BinarySearchTreeIterato.cpp">
      <Filter>Source Files\BinarySearchTree</Filter>
    </ClCompile>
    <ClCompile Include="99_Medium_RecoverBST.cpp">
      <Filter>Source Files\BinarySearchTree</Filter>
    </ClCompile>
    <ClCompile Include="567_PermutationInString.cpp">
      <Filter>Source Files\Recursion-I</Filter>
    </ClCompile>
    <ClCompile Include="1512_Easy_NumberOfGoodPair.cpp">
      <Filter>Source Files\Hashtable</Filter>
    </ClCompile>
    <ClCompile Include="02_Medium_AddTwoNumvber.cpp">
      <Filter>Source Files\LinkedList</Filter>
    </ClCompile>
    <ClCompile Include="96_Medium_UniqueBSTCount.cpp">
      <Filter>Source Files\BinarySearchTree</Filter>
    </ClCompile>
    <ClCompile Include="1162_Leetcode_AsFarFromLandAsPossible.cpp">
      <Filter>Source Files\Graph</Filter>
    </ClCompile>
    <ClCompile Include="N_1129_Medium_ShortestPathWithAlternativeColor.cpp">
      <Filter>Source Files\Graph</Filter>
    </ClCompile>
    <ClCompile Include="2477_Medium_MinimumFuelCost_ReporttoCapital.cpp">
      <Filter>Source Files\Graph</Filter>
    </ClCompile>
    <ClCompile Include="226_Medium_InvertTree.cpp">
      <Filter>Source Files\BinaryTree</Filter>
    </ClCompile>
    <ClCompile Include="57_InsertInterval.cpp">
      <Filter>Source Files\ArrayAndString</Filter>
    </ClCompile>
    <ClCompile Include="502_IPO.cpp">
      <Filter>Source Files\Greedy</Filter>
    </ClCompile>
    <ClCompile Include="1363_LargestMultipleofThree.cpp">
      <Filter>Source Files\Greedy</Filter>
    </ClCompile>
    <ClCompile Include="912_SortAnArray.cpp">
      <Filter>Source Files\Sorting</Filter>
    </ClCompile>
    <ClCompile Include="729_MyCalenderI.cpp">
      <Filter>Source Files\ArrayAndString</Filter>
    </ClCompile>
    <ClCompile Include="731_MyArrayII.cpp">
      <Filter>Source Files\ArrayAndString</Filter>
    </ClCompile>
    <ClCompile Include="443_StringCompression.cpp">
      <Filter>Source Files\ArrayAndString</Filter>
    </ClCompile>
    <ClCompile Include="732_Hard_NyCalenderIII.cpp">
      <Filter>Source Files\ArrayAndString</Filter>
    </ClCompile>
  </ItemGroup>
  <ItemGroup>
    <Text Include="lca.txt">
      <Filter>Source Files\BinaryTree</Filter>
    </Text>
    <Text Include="merge.txt">
      <Filter>Source Files\Sorting</Filter>
    </Text>
    <Text Include="Theory_Backtracking.txt">
      <Filter>Source Files\Backtracking</Filter>
    </Text>
    <Text Include="g16.txt">
      <Filter>Source Files\Graph</Filter>
    </Text>
    <Text Include="bp.txt">
      <Filter>Source Files\Graph</Filter>
    </Text>
    <Text Include="maxXOR.txt">
      <Filter>Source Files\Trie</Filter>
    </Text>
  </ItemGroup>
</Project>