<?xml version="1.0" encoding="utf-8"?>
<Project ToolsVersion="4.0" xmlns="http://schemas.microsoft.com/developer/msbuild/2003">
  <ItemGroup>
    <Filter Include="Source Files">
      <UniqueIdentifier>{4FC737F1-C7A5-4376-A066-2A32D752A2FF}</UniqueIdentifier>
      <Extensions>cpp;c;cc;cxx;c++;cppm;ixx;def;odl;idl;hpj;bat;asm;asmx</Extensions>
    </Filter>
    <Filter Include="Header Files">
      <UniqueIdentifier>{93995380-89BD-4b04-88EB-625FBE52EBFB}</UniqueIdentifier>
      <Extensions>h;hh;hpp;hxx;h++;hm;inl;inc;ipp;xsd</Extensions>
    </Filter>
    <Filter Include="Resource Files">
      <UniqueIdentifier>{67DA6AB6-F800-4c08-8B7A-83BB121AAD01}</UniqueIdentifier>
      <Extensions>rc;ico;cur;bmp;dlg;rc2;rct;bin;rgs;gif;jpg;jpeg;jpe;resx;tiff;tif;png;wav;mfcribbon-ms</Extensions>
    </Filter>
    <Filter Include="Source Files\ArrayAndString">
      <UniqueIdentifier>{c41e422d-a2cd-437a-8cba-f77887c5fa32}</UniqueIdentifier>
    </Filter>
    <Filter Include="Source Files\QueueAndStack">
      <UniqueIdentifier>{6be89524-f856-40dd-8c55-bda17847d617}</UniqueIdentifier>
    </Filter>
    <Filter Include="Source Files\Heap">
      <UniqueIdentifier>{f11628dd-60fe-4d85-aa10-e5c785c7e003}</UniqueIdentifier>
    </Filter>
    <Filter Include="Source Files\Recursion-I">
      <UniqueIdentifier>{e006cd5a-84e3-405f-b5e4-44f738e1bfa1}</UniqueIdentifier>
    </Filter>
    <Filter Include="Source Files\Trie">
      <UniqueIdentifier>{35facc2b-b2cf-41c8-abc1-aab5040f51ea}</UniqueIdentifier>
    </Filter>
    <Filter Include="Source Files\BinaryTree">
      <UniqueIdentifier>{095bcdac-7dd5-4969-a782-7ae2376a7414}</UniqueIdentifier>
    </Filter>
    <Filter Include="Source Files\Sorting">
      <UniqueIdentifier>{7bcfe864-58fa-4072-8ad1-cce9973e7047}</UniqueIdentifier>
    </Filter>
    <Filter Include="Source Files\SegmentTree">
      <UniqueIdentifier>{791bc5ca-7e10-4b25-8390-ef210651fd67}</UniqueIdentifier>
    </Filter>
    <Filter Include="Source Files\BinarySearchTree">
      <UniqueIdentifier>{a9296596-fb3c-4439-90fe-fac97212a9e2}</UniqueIdentifier>
    </Filter>
    <Filter Include="Source Files\Backtracking">
      <UniqueIdentifier>{664e9f8d-c951-42ed-ae4f-1785a1b29723}</UniqueIdentifier>
    </Filter>
    <Filter Include="Source Files\RecursionII">
      <UniqueIdentifier>{f58a7cf0-c478-4e58-84dc-31f0f1a23d77}</UniqueIdentifier>
    </Filter>
    <Filter Include="Source Files\Hashtable">
      <UniqueIdentifier>{57262863-99f2-4cb6-800b-a82edc66b067}</UniqueIdentifier>
    </Filter>
    <Filter Include="Source Files\Graph">
      <UniqueIdentifier>{23480245-d393-4e5f-aa99-fadb4217bd75}</UniqueIdentifier>
    </Filter>
    <Filter Include="Source Files\LinkedList">
      <UniqueIdentifier>{858032e4-adcf-42df-b64d-a986357e9c1a}</UniqueIdentifier>
    </Filter>
    <Filter Include="Source Files\Mixed-Intervie-Problems">
      <UniqueIdentifier>{c119a558-74b1-4f21-9fa3-ebc39f0b23f9}</UniqueIdentifier>
    </Filter>
    <Filter Include="Source Files\Dynamic_Programming">
      <UniqueIdentifier>{9b03ff7e-1264-4a55-a60b-2c6bef041a20}</UniqueIdentifier>
    </Filter>
  </ItemGroup>
  <ItemGroup>
    <ClCompile Include="Source.cpp">
      <Filter>Source Files</Filter>
    </ClCompile>
    <ClCompile Include="WordAbbreviation.cpp">
      <Filter>Source Files</Filter>
    </ClCompile>
    <ClCompile Include="Split_Array_Largest_Sum.cpp">
      <Filter>Source Files</Filter>
    </ClCompile>
    <ClCompile Include="Richest_Customer.cpp">
      <Filter>Source Files</Filter>
    </ClCompile>
    <ClCompile Include="412_FizzBuzz.cpp">
      <Filter>Source Files</Filter>
    </ClCompile>
    <ClCompile Include="Ransom_Note.cpp">
      <Filter>Source Files</Filter>
    </ClCompile>
    <ClCompile Include="PlusOne.cpp">
      <Filter>Source Files\ArrayAndString</Filter>
    </ClCompile>
    <ClCompile Include="DiagonalTraverse.cpp">
      <Filter>Source Files\ArrayAndString</Filter>
    </ClCompile>
    <ClCompile Include="SpiralMatrix.cpp">
      <Filter>Source Files\ArrayAndString</Filter>
    </ClCompile>
    <ClCompile Include="PascalTriangle.cpp">
      <Filter>Source Files\ArrayAndString</Filter>
    </ClCompile>
    <ClCompile Include="AddBinary.cpp">
      <Filter>Source Files\ArrayAndString</Filter>
    </ClCompile>
    <ClCompile Include="StrStr.cpp">
      <Filter>Source Files\ArrayAndString</Filter>
    </ClCompile>
    <ClCompile Include="LongestCommonPrefixString.cpp">
      <Filter>Source Files\ArrayAndString</Filter>
    </ClCompile>
    <ClCompile Include="RemoveElement.cpp">
      <Filter>Source Files\ArrayAndString</Filter>
    </ClCompile>
    <ClCompile Include="MaxConsecutiveOnes.cpp">
      <Filter>Source Files\ArrayAndString</Filter>
    </ClCompile>
    <ClCompile Include="MinimumSizeSubarraySum.cpp">
      <Filter>Source Files\ArrayAndString</Filter>
    </ClCompile>
    <ClCompile Include="RotateArray.cpp">
      <Filter>Source Files</Filter>
    </ClCompile>
    <ClCompile Include="PascalTriangleII.cpp">
      <Filter>Source Files\ArrayAndString</Filter>
    </ClCompile>
    <ClCompile Include="ReverseWordInString.cpp">
      <Filter>Source Files\ArrayAndString</Filter>
    </ClCompile>
    <ClCompile Include="ReverseWordsInStringIII.cpp">
      <Filter>Source Files\ArrayAndString</Filter>
    </ClCompile>
    <ClCompile Include="RemoveDuplicateFromSortedIntArray.cpp">
      <Filter>Source Files\ArrayAndString</Filter>
    </ClCompile>
    <ClCompile Include="DesignCircularQueue.cpp">
      <Filter>Source Files\QueueAndStack</Filter>
    </ClCompile>
    <ClCompile Include="CircularQueueImpleII.cpp">
      <Filter>Source Files\QueueAndStack</Filter>
    </ClCompile>
    <ClCompile Include="MovingAvg.cpp">
      <Filter>Source Files\QueueAndStack</Filter>
    </ClCompile>
    <ClCompile Include="WallsAndGates.cpp">
      <Filter>Source Files\QueueAndStack</Filter>
    </ClCompile>
    <ClCompile Include="NumberofIslands.cpp">
      <Filter>Source Files\QueueAndStack</Filter>
    </ClCompile>
    <ClCompile Include="OpenTheLock.cpp">
      <Filter>Source Files\QueueAndStack</Filter>
    </ClCompile>
    <ClCompile Include="PerfectSquares.cpp">
      <Filter>Source Files\QueueAndStack</Filter>
    </ClCompile>
    <ClCompile Include="MinStack.cpp">
      <Filter>Source Files\QueueAndStack</Filter>
    </ClCompile>
    <ClCompile Include="ValidParenthesis.cpp">
      <Filter>Source Files\QueueAndStack</Filter>
    </ClCompile>
    <ClCompile Include="DailyTemperatures.cpp">
      <Filter>Source Files\QueueAndStack</Filter>
    </ClCompile>
    <ClCompile Include="ReversePolishNotation.cpp">
      <Filter>Source Files\QueueAndStack</Filter>
    </ClCompile>
    <ClCompile Include="NumberOfIslandUsingDFS.cpp">
      <Filter>Source Files\QueueAndStack</Filter>
    </ClCompile>
    <ClCompile Include="CloneGraph.cpp">
      <Filter>Source Files\QueueAndStack</Filter>
    </ClCompile>
    <ClCompile Include="CloneGrapgUsingBFS.cpp">
      <Filter>Source Files\QueueAndStack</Filter>
    </ClCompile>
    <ClCompile Include="TargetSum.cpp">
      <Filter>Source Files\QueueAndStack</Filter>
    </ClCompile>
    <ClCompile Include="DFSTemplateII.cpp">
      <Filter>Source Files\QueueAndStack</Filter>
    </ClCompile>
    <ClCompile Include="BinaryTreeInorderTraversal.cpp">
      <Filter>Source Files\QueueAndStack</Filter>
    </ClCompile>
    <ClCompile Include="ImplementQueueUsingStack.cpp">
      <Filter>Source Files\QueueAndStack</Filter>
    </ClCompile>
    <ClCompile Include="ImplementStackusingQueues.cpp">
      <Filter>Source Files\QueueAndStack</Filter>
    </ClCompile>
    <ClCompile Include="DecodeString.cpp">
      <Filter>Source Files\QueueAndStack</Filter>
    </ClCompile>
    <ClCompile Include="FloodFill.cpp">
      <Filter>Source Files\QueueAndStack</Filter>
    </ClCompile>
    <ClCompile Include="01Matrix.cpp">
      <Filter>Source Files\QueueAndStack</Filter>
    </ClCompile>
    <ClCompile Include="KeysAndRooms.cpp">
      <Filter>Source Files\QueueAndStack</Filter>
    </ClCompile>
    <ClCompile Include="HeapFundamentals.cpp">
      <Filter>Source Files\Heap</Filter>
    </ClCompile>
    <ClCompile Include="TopKLargestElements.cpp">
      <Filter>Source Files\Heap</Filter>
    </ClCompile>
    <ClCompile Include="FindKThLargestElem.cpp">
      <Filter>Source Files\Heap</Filter>
    </ClCompile>
    <ClCompile Include="KthLargestElemInStream.cpp">
      <Filter>Source Files\Heap</Filter>
    </ClCompile>
    <ClCompile Include="LastStoneWeight.cpp">
      <Filter>Source Files\Heap</Filter>
    </ClCompile>
    <ClCompile Include="TheKWeakestRowsInaMatrix.cpp">
      <Filter>Source Files\Heap</Filter>
    </ClCompile>
    <ClCompile Include="KthSmallestElement.cpp">
      <Filter>Source Files\Heap</Filter>
    </ClCompile>
    <ClCompile Include="MeetingRoomII.cpp">
      <Filter>Source Files\Heap</Filter>
    </ClCompile>
    <ClCompile Include="KClosestPoint2Origin.cpp">
      <Filter>Source Files\Heap</Filter>
    </ClCompile>
    <ClCompile Include="MinimumCosttoConnectStick.cpp">
      <Filter>Source Files</Filter>
    </ClCompile>
    <ClCompile Include="PrincipalOfRecursion.cpp">
      <Filter>Source Files\Recursion-I</Filter>
    </ClCompile>
    <ClCompile Include="1642_Leetcode.cpp">
      <Filter>Source Files\Heap</Filter>
    </ClCompile>
    <ClCompile Include="FindMedianFromDataStream.cpp">
      <Filter>Source Files\Heap</Filter>
    </ClCompile>
    <ClCompile Include="24_Leetcode.cpp">
      <Filter>Source Files\Recursion-I</Filter>
    </ClCompile>
    <ClCompile Include="206_Leetcode.cpp">
      <Filter>Source Files\Recursion-I</Filter>
    </ClCompile>
    <ClCompile Include="700_Leetcode.cpp">
      <Filter>Source Files\Recursion-I</Filter>
    </ClCompile>
    <ClCompile Include="Fundamental.cpp">
      <Filter>Source Files\Recursion-I</Filter>
    </ClCompile>
    <ClCompile Include="104_Leetcode.cpp">
      <Filter>Source Files\Recursion-I</Filter>
    </ClCompile>
    <ClCompile Include="50_Medium_Leetcode.cpp">
      <Filter>Source Files\Recursion-I</Filter>
    </ClCompile>
    <ClCompile Include="21_Easy_Leetcode.cpp">
      <Filter>Source Files\Recursion-I</Filter>
    </ClCompile>
    <ClCompile Include="208_Medium_Leetcode.cpp">
      <Filter>Source Files\Trie</Filter>
    </ClCompile>
    <ClCompile Include="677_Medium_Leetcode.cpp">
      <Filter>Source Files\Trie</Filter>
    </ClCompile>
    <ClCompile Include="677_Medium_Approach02.cpp">
      <Filter>Source Files\Trie</Filter>
    </ClCompile>
    <ClCompile Include="648_Medium_Leetcode.cpp">
      <Filter>Source Files\Trie</Filter>
    </ClCompile>
    <ClCompile Include="642_Hard_Leetcode.cpp">
      <Filter>Source Files\Trie</Filter>
    </ClCompile>
    <ClCompile Include="106_Medium_Leetcode.cpp">
      <Filter>Source Files\BinaryTree</Filter>
    </ClCompile>
    <ClCompile Include="106_Medium_ApproachII.cpp">
      <Filter>Source Files\BinaryTree</Filter>
    </ClCompile>
    <ClCompile Include="105_Medium_Leetcode.cpp">
      <Filter>Source Files\BinaryTree</Filter>
    </ClCompile>
    <ClCompile Include="116_Medium_Leetcode.cpp">
      <Filter>Source Files\BinaryTree</Filter>
    </ClCompile>
    <ClCompile Include="236_Medium_Leetcode.cpp">
      <Filter>Source Files\BinaryTree</Filter>
    </ClCompile>
    <ClCompile Include="MergeSort_TopDown.cpp">
      <Filter>Source Files\Sorting</Filter>
    </ClCompile>
    <ClCompile Include="MergeSort_BottomUp.cpp">
      <Filter>Source Files\Sorting</Filter>
    </ClCompile>
    <ClCompile Include="98_Medium_Leetcode.cpp">
      <Filter>Source Files\BinarySearchTree</Filter>
    </ClCompile>
    <ClCompile Include="98_Medium_Leetcode_Approach02.cpp">
      <Filter>Source Files\BinarySearchTree</Filter>
    </ClCompile>
    <ClCompile Include="240_Medium_Leetcode.cpp">
      <Filter>Source Files\Sorting</Filter>
    </ClCompile>
    <ClCompile Include="QuickSort.cpp">
      <Filter>Source Files\Sorting</Filter>
    </ClCompile>
    <ClCompile Include="52_Hard_Leetcode.cpp">
      <Filter>Source Files\Backtracking</Filter>
    </ClCompile>
    <ClCompile Include="489_Hard_Leetcode.cpp">
      <Filter>Source Files\Backtracking</Filter>
    </ClCompile>
    <ClCompile Include="211_Medium_Leetcode.cpp">
      <Filter>Source Files\Trie</Filter>
    </ClCompile>
    <ClCompile Include="37_Hard_SudokuPuzzle.cpp">
      <Filter>Source Files\RecursionII</Filter>
    </ClCompile>
    <ClCompile Include="77_Medium_Combinations.cpp">
      <Filter>Source Files\RecursionII</Filter>
    </ClCompile>
    <ClCompile Include="BinaryTreeSame.cpp">
      <Filter>Source Files\RecursionII</Filter>
    </ClCompile>
    <ClCompile Include="22_Medium_GenerateParenthesis.cpp">
      <Filter>Source Files\RecursionII</Filter>
    </ClCompile>
    <ClCompile Include="51_Hard_NQueensProblem.cpp">
      <Filter>Source Files\RecursionII</Filter>
    </ClCompile>
    <ClCompile Include="426_Medium_ConvertBinarySearchTree.cpp">
      <Filter>Source Files\RecursionII</Filter>
    </ClCompile>
    <ClCompile Include="127_Hard_Leetcode.cpp">
      <Filter>Source Files\Hashtable</Filter>
    </ClCompile>
    <ClCompile Include="1971_Easy_FindIfPathExistInGraph.cpp">
      <Filter>Source Files\Graph</Filter>
    </ClCompile>
    <ClCompile Include="25_Hard_ReverseNodesInKGroup.cpp">
      <Filter>Source Files\LinkedList</Filter>
    </ClCompile>
    <ClCompile Include="421_Medium_MaximumXORofTwoNumbersinanArray.cpp">
      <Filter>Source Files\Trie</Filter>
    </ClCompile>
    <ClCompile Include="886_Medium_Bipartition.cpp">
      <Filter>Source Files\Graph</Filter>
    </ClCompile>
    <ClCompile Include="[Approach02]886_Medium_Leetcode.cpp">
      <Filter>Source Files\Graph</Filter>
    </ClCompile>
    <ClCompile Include="UnionFind_DS_Implementation.cpp">
      <Filter>Source Files\Graph</Filter>
    </ClCompile>
    <ClCompile Include="[N]95_Medium_UniqueBinarySearchTreeII.cpp">
      <Filter>Source Files\BinarySearchTree</Filter>
    </ClCompile>
    <ClCompile Include="1756_Medium_DesignMRUQueue.cpp">
      <Filter>Source Files\Mixed-Intervie-Problems</Filter>
    </ClCompile>
    <ClCompile Include="1756_Medium_Approach02.cpp">
      <Filter>Source Files\Mixed-Intervie-Problems</Filter>
    </ClCompile>
    <ClCompile Include="790_Medium_Approach01.cpp">
      <Filter>Source Files\Dynamic_Programming</Filter>
    </ClCompile>
    <ClCompile Include="496_Easy_NextGreaterElement.cpp">
      <Filter>Source Files\ArrayAndString</Filter>
    </ClCompile>
  </ItemGroup>
  <ItemGroup>
    <Text Include="lca.txt">
      <Filter>Source Files\BinaryTree</Filter>
    </Text>
    <Text Include="merge.txt">
      <Filter>Source Files\Sorting</Filter>
    </Text>
    <Text Include="Theory_Backtracking.txt">
      <Filter>Source Files\Backtracking</Filter>
    </Text>
  </ItemGroup>
</Project>